
Microsoft Visual Studio Solution File, Format Version 12.00
# Visual Studio 15
VisualStudioVersion = 15.0.27004.2009
MinimumVisualStudioVersion = 10.0.40219.1
Project("{FAE04EC0-301F-11D3-BF4B-00C04F79EFBC}") = "GK_P2", "GK_P2\GK_P2.csproj", "{A1B3233B-9303-4D23-936B-FA86484CA3EC}"
EndProject
Global
	GlobalSection(SolutionConfigurationPlatforms) = preSolution
		Debug|Any CPU = Debug|Any CPU
		Release|Any CPU = Release|Any CPU
	EndGlobalSection
	GlobalSection(ProjectConfigurationPlatforms) = postSolution
		{A1B3233B-9303-4D23-936B-FA86484CA3EC}.Debug|Any CPU.ActiveCfg = Debug|Any CPU
		{A1B3233B-9303-4D23-936B-FA86484CA3EC}.Debug|Any CPU.Build.0 = Debug|Any CPU
		{A1B3233B-9303-4D23-936B-FA86484CA3EC}.Release|Any CPU.ActiveCfg = Release|Any CPU
		{A1B3233B-9303-4D23-936B-FA86484CA3EC}.Release|Any CPU.Build.0 = Release|Any CPU
	EndGlobalSection
	GlobalSection(SolutionProperties) = preSolution
		HideSolutionNode = FALSE
	EndGlobalSection
	GlobalSection(ExtensibilityGlobals) = postSolution
		SolutionGuid = {57D1ED7B-100A-4371-9F8F-44C938635216}
	EndGlobalSection
EndGlobal
